# THIS IS AN AUTOGENERATED FILE. DO NOT EDIT THIS FILE DIRECTLY.
# yarn lockfile v1


"@popperjs/core@^2.4.0":
  version "2.4.0"
  resolved "https://registry.yarnpkg.com/@popperjs/core/-/core-2.4.0.tgz#0e1bdf8d021e7ea58affade33d9d607e11365915"
  integrity sha512-NMrDy6EWh9TPdSRiHmHH2ye1v5U0gBD7pRYwSwJvomx7Bm4GG04vu63dYiVzebLOx2obPpJugew06xVP0Nk7hA==

bootstrap@^4.4.1:
  version "4.4.1"
  resolved "https://registry.yarnpkg.com/bootstrap/-/bootstrap-4.4.1.tgz#8582960eea0c5cd2bede84d8b0baf3789c3e8b01"
  integrity sha512-tbx5cHubwE6e2ZG7nqM3g/FZ5PQEDMWmMGNrCUBVRPHXTJaH7CBDdsLeu3eCh3B1tzAxTnAbtmrzvWEvT2NNEA==

jquery@^3.5.0:
  version "3.5.0"
  resolved "https://registry.yarnpkg.com/jquery/-/jquery-3.5.0.tgz#9980b97d9e4194611c36530e7dc46a58d7340fc9"
  integrity sha512-Xb7SVYMvygPxbFMpTFQiHh1J7HClEaThguL15N/Gg37Lri/qKyhRGZYzHRyLH8Stq3Aow0LsHO2O2ci86fCrNQ==

popper.js@^1.16.1:
  version "1.16.1"
  resolved "https://registry.yarnpkg.com/popper.js/-/popper.js-1.16.1.tgz#2a223cb3dc7b6213d740e40372be40de43e65b1b"
  integrity sha512-Wb4p1J4zyFTbM+u6WuO4XstYx4Ky9Cewe4DWrel7B0w6VVICvPwdOpotjzcf6eD8TsckVnIMNONQyPIUFOUbCQ==

sortablejs@^1.10.1:
  version "1.10.2"
  resolved "https://registry.yarnpkg.com/sortablejs/-/sortablejs-1.10.2.tgz#6e40364d913f98b85a14f6678f92b5c1221f5290"
  integrity sha512-YkPGufevysvfwn5rfdlGyrGjt7/CRHwvRPogD/lC+TnvcN29jDpCifKP+rBqf+LRldfXSTh+0CGLcSg0VIxq3A==

vuedraggable@^2.23.2:
  version "2.23.2"
  resolved "https://registry.yarnpkg.com/vuedraggable/-/vuedraggable-2.23.2.tgz#0d95d7fdf4f02f56755a26b3c9dca5c7ca9cfa72"
  integrity sha512-PgHCjUpxEAEZJq36ys49HfQmXglattf/7ofOzUrW2/rRdG7tu6fK84ir14t1jYv4kdXewTEa2ieKEAhhEMdwkQ==
  dependencies:
    sortablejs "^1.10.1"
